
Microsoft Visual Studio Solution File, Format Version 12.00
# Visual Studio Version 17
VisualStudioVersion = 17.12.35527.113
MinimumVisualStudioVersion = 10.0.40219.1
Project("{FAE04EC0-301F-11D3-BF4B-00C04F79EFBC}") = "Lockify.Presentation", "Lockify.Presentation.csproj", "{29D54FD9-5BC5-4276-864D-ADAB15A80D72}"
EndProject
Project("{FAE04EC0-301F-11D3-BF4B-00C04F79EFBC}") = "Lockify.Application", "Application\Lockify.Application.csproj", "{EE854196-8D09-456F-BC6D-D5E27CB8BA4A}"
EndProject
Project("{FAE04EC0-301F-11D3-BF4B-00C04F79EFBC}") = "Lockify.Domain", "Core\Lockify.Domain.csproj", "{668799FE-7CAA-4263-AF0E-EF87532517E8}"
EndProject
Project("{FAE04EC0-301F-11D3-BF4B-00C04F79EFBC}") = "Lockify.Infrastructure", "Infrastructure\Lockify.Infrastructure.csproj", "{A472B80E-5E3B-43AB-A1CF-F104141DDD56}"
EndProject
Project("{2150E333-8FDC-42A3-9474-1A3956D46DE8}") = "src", "src", "{F245C9A3-894B-44A1-9DDD-E95A84A90525}"
EndProject
Project("{2150E333-8FDC-42A3-9474-1A3956D46DE8}") = "Core", "Core", "{CEEDF5FB-2D37-4DD8-A31D-7861D039E7AB}"
EndProject
Project("{2150E333-8FDC-42A3-9474-1A3956D46DE8}") = "Infrastructure", "Infrastructure", "{CAF2A0D1-0DC4-400C-9CDC-57A42A8E1785}"
EndProject
Project("{2150E333-8FDC-42A3-9474-1A3956D46DE8}") = "Presentation", "Presentation", "{91B538C9-61CC-4445-9B1A-1ED49A8206DA}"
EndProject
Project("{2150E333-8FDC-42A3-9474-1A3956D46DE8}") = "tests", "tests", "{D94795A7-B971-4EA0-9D93-4D41A4B1BF89}"
EndProject
Global
	GlobalSection(SolutionConfigurationPlatforms) = preSolution
		Debug|Any CPU = Debug|Any CPU
		Release|Any CPU = Release|Any CPU
	EndGlobalSection
	GlobalSection(ProjectConfigurationPlatforms) = postSolution
		{29D54FD9-5BC5-4276-864D-ADAB15A80D72}.Debug|Any CPU.ActiveCfg = Debug|Any CPU
		{29D54FD9-5BC5-4276-864D-ADAB15A80D72}.Debug|Any CPU.Build.0 = Debug|Any CPU
		{29D54FD9-5BC5-4276-864D-ADAB15A80D72}.Debug|Any CPU.Deploy.0 = Debug|Any CPU
		{29D54FD9-5BC5-4276-864D-ADAB15A80D72}.Release|Any CPU.ActiveCfg = Release|Any CPU
		{29D54FD9-5BC5-4276-864D-ADAB15A80D72}.Release|Any CPU.Build.0 = Release|Any CPU
		{29D54FD9-5BC5-4276-864D-ADAB15A80D72}.Release|Any CPU.Deploy.0 = Release|Any CPU
		{EE854196-8D09-456F-BC6D-D5E27CB8BA4A}.Debug|Any CPU.ActiveCfg = Debug|Any CPU
		{EE854196-8D09-456F-BC6D-D5E27CB8BA4A}.Debug|Any CPU.Build.0 = Debug|Any CPU
		{EE854196-8D09-456F-BC6D-D5E27CB8BA4A}.Release|Any CPU.ActiveCfg = Release|Any CPU
		{EE854196-8D09-456F-BC6D-D5E27CB8BA4A}.Release|Any CPU.Build.0 = Release|Any CPU
		{668799FE-7CAA-4263-AF0E-EF87532517E8}.Debug|Any CPU.ActiveCfg = Debug|Any CPU
		{668799FE-7CAA-4263-AF0E-EF87532517E8}.Debug|Any CPU.Build.0 = Debug|Any CPU
		{668799FE-7CAA-4263-AF0E-EF87532517E8}.Release|Any CPU.ActiveCfg = Release|Any CPU
		{668799FE-7CAA-4263-AF0E-EF87532517E8}.Release|Any CPU.Build.0 = Release|Any CPU
		{A472B80E-5E3B-43AB-A1CF-F104141DDD56}.Debug|Any CPU.ActiveCfg = Debug|Any CPU
		{A472B80E-5E3B-43AB-A1CF-F104141DDD56}.Debug|Any CPU.Build.0 = Debug|Any CPU
		{A472B80E-5E3B-43AB-A1CF-F104141DDD56}.Release|Any CPU.ActiveCfg = Release|Any CPU
		{A472B80E-5E3B-43AB-A1CF-F104141DDD56}.Release|Any CPU.Build.0 = Release|Any CPU
	EndGlobalSection
	GlobalSection(SolutionProperties) = preSolution
		HideSolutionNode = FALSE
	EndGlobalSection
	GlobalSection(NestedProjects) = preSolution
		{29D54FD9-5BC5-4276-864D-ADAB15A80D72} = {91B538C9-61CC-4445-9B1A-1ED49A8206DA}
		{EE854196-8D09-456F-BC6D-D5E27CB8BA4A} = {CEEDF5FB-2D37-4DD8-A31D-7861D039E7AB}
		{668799FE-7CAA-4263-AF0E-EF87532517E8} = {CEEDF5FB-2D37-4DD8-A31D-7861D039E7AB}
		{A472B80E-5E3B-43AB-A1CF-F104141DDD56} = {CAF2A0D1-0DC4-400C-9CDC-57A42A8E1785}
		{CEEDF5FB-2D37-4DD8-A31D-7861D039E7AB} = {F245C9A3-894B-44A1-9DDD-E95A84A90525}
		{CAF2A0D1-0DC4-400C-9CDC-57A42A8E1785} = {F245C9A3-894B-44A1-9DDD-E95A84A90525}
		{91B538C9-61CC-4445-9B1A-1ED49A8206DA} = {F245C9A3-894B-44A1-9DDD-E95A84A90525}
	EndGlobalSection
EndGlobal
